// !$*UTF8*$!
{
	archiveVersion = 1;
	classes = {
	};
	objectVersion = 55;
	objects = {

/* Begin PBXBuildFile section */
		EFDC2C1328991601009890FC /* AppDelegate.swift in Sources */ = {isa = PBXBuildFile; fileRef = EFDC2C1228991601009890FC /* AppDelegate.swift */; };
		EFDC2C1528991601009890FC /* SceneDelegate.swift in Sources */ = {isa = PBXBuildFile; fileRef = EFDC2C1428991601009890FC /* SceneDelegate.swift */; };
		EFDC2C1728991601009890FC /* ViewController.swift in Sources */ = {isa = PBXBuildFile; fileRef = EFDC2C1628991601009890FC /* ViewController.swift */; };
		EFDC2C1A28991601009890FC /* Main.storyboard in Resources */ = {isa = PBXBuildFile; fileRef = EFDC2C1828991601009890FC /* Main.storyboard */; };
		EFDC2C1C28991603009890FC /* Assets.xcassets in Resources */ = {isa = PBXBuildFile; fileRef = EFDC2C1B28991603009890FC /* Assets.xcassets */; };
		EFDC2C1F28991603009890FC /* LaunchScreen.storyboard in Resources */ = {isa = PBXBuildFile; fileRef = EFDC2C1D28991603009890FC /* LaunchScreen.storyboard */; };
		EFDC2C2728991611009890FC /* medicine.json in Resources */ = {isa = PBXBuildFile; fileRef = EFDC2C2628991611009890FC /* medicine.json */; };
		EFDC2C2928991624009890FC /* Decoding medicine.json.swift in Sources */ = {isa = PBXBuildFile; fileRef = EFDC2C2828991624009890FC /* Decoding medicine.json.swift */; };
/* End PBXBuildFile section */

/* Begin PBXFileReference section */
		EFDC2C0F28991601009890FC /* json decoding.app */ = {isa = PBXFileReference; explicitFileType = wrapper.application; includeInIndex = 0; path = "json decoding.app"; sourceTree = BUILT_PRODUCTS_DIR; };
		EFDC2C1228991601009890FC /* AppDelegate.swift */ = {isa = PBXFileReference; lastKnownFileType = sourcecode.swift; path = AppDelegate.swift; sourceTree = "<group>"; };
		EFDC2C1428991601009890FC /* SceneDelegate.swift */ = {isa = PBXFileReference; lastKnownFileType = sourcecode.swift; path = SceneDelegate.swift; sourceTree = "<group>"; };
		EFDC2C1628991601009890FC /* ViewController.swift */ = {isa = PBXFileReference; lastKnownFileType = sourcecode.swift; path = ViewController.swift; sourceTree = "<group>"; };
		EFDC2C1928991601009890FC /* Base */ = {isa = PBXFileReference; lastKnownFileType = file.storyboard; name = Base; path = Base.lproj/Main.storyboard; sourceTree = "<group>"; };
		EFDC2C1B28991603009890FC /* Assets.xcassets */ = {isa = PBXFileReference; lastKnownFileType = folder.assetcatalog; path = Assets.xcassets; sourceTree = "<group>"; };
		EFDC2C1E28991603009890FC /* Base */ = {isa = PBXFileReference; lastKnownFileType = file.storyboard; name = Base; path = Base.lproj/LaunchScreen.storyboard; sourceTree = "<group>"; };
		EFDC2C2028991603009890FC /* Info.plist */ = {isa = PBXFileReference; lastKnownFileType = text.plist.xml; path = Info.plist; sourceTree = "<group>"; };
		EFDC2C2628991611009890FC /* medicine.json */ = {isa = PBXFileReference; fileEncoding = 4; lastKnownFileType = text.json; path = medicine.json; sourceTree = "<group>"; };
		EFDC2C2828991624009890FC /* Decoding medicine.json.swift */ = {isa = PBXFileReference; lastKnownFileType = sourcecode.swift; path = "Decoding medicine.json.swift"; sourceTree = "<group>"; };
/* End PBXFileReference section */

/* Begin PBXFrameworksBuildPhase section */
		EFDC2C0C28991601009890FC /* Frameworks */ = {
			isa = PBXFrameworksBuildPhase;
			buildActionMask = 2147483647;
			files = (
			);
			runOnlyForDeploymentPostprocessing = 0;
		};
/* End PBXFrameworksBuildPhase section */

/* Begin PBXGroup section */
		EFDC2C0628991600009890FC = {
			isa = PBXGroup;
			children = (
				EFDC2C1128991601009890FC /* json decoding */,
				EFDC2C1028991601009890FC /* Products */,
			);
			sourceTree = "<group>";
		};
		EFDC2C1028991601009890FC /* Products */ = {
			isa = PBXGroup;
			children = (
				EFDC2C0F28991601009890FC /* json decoding.app */,
			);
			name = Products;
			sourceTree = "<group>";
		};
		EFDC2C1128991601009890FC /* json decoding */ = {
			isa = PBXGroup;
			children = (
				EFDC2C2628991611009890FC /* medicine.json */,
				EFDC2C1228991601009890FC /* AppDelegate.swift */,
				EFDC2C1428991601009890FC /* SceneDelegate.swift */,
				EFDC2C1628991601009890FC /* ViewController.swift */,
				EFDC2C2828991624009890FC /* Decoding medicine.json.swift */,
				EFDC2C1828991601009890FC /* Main.storyboard */,
				EFDC2C1B28991603009890FC /* Assets.xcassets */,
				EFDC2C1D28991603009890FC /* LaunchScreen.storyboard */,
				EFDC2C2028991603009890FC /* Info.plist */,
			);
			path = "json decoding";
			sourceTree = "<group>";
		};
/* End PBXGroup section */

/* Begin PBXNativeTarget section */
		EFDC2C0E28991601009890FC /* json decoding */ = {
			isa = PBXNativeTarget;
			buildConfigurationList = EFDC2C2328991603009890FC /* Build configuration list for PBXNativeTarget "json decoding" */;
			buildPhases = (
				EFDC2C0B28991601009890FC /* Sources */,
				EFDC2C0C28991601009890FC /* Frameworks */,
				EFDC2C0D28991601009890FC /* Resources */,
			);
			buildRules = (
			);
			dependencies = (
			);
			name = "json decoding";
			productName = "json decoding";
			productReference = EFDC2C0F28991601009890FC /* json decoding.app */;
			productType = "com.apple.product-type.application";
		};
/* End PBXNativeTarget section */

/* Begin PBXProject section */
		EFDC2C0728991600009890FC /* Project object */ = {
			isa = PBXProject;
			attributes = {
				BuildIndependentTargetsInParallel = 1;
				LastSwiftUpdateCheck = 1340;
				LastUpgradeCheck = 1340;
				TargetAttributes = {
					EFDC2C0E28991601009890FC = {
						CreatedOnToolsVersion = 13.4.1;
					};
				};
			};
			buildConfigurationList = EFDC2C0A28991600009890FC /* Build configuration list for PBXProject "json decoding" */;
			compatibilityVersion = "Xcode 13.0";
			developmentRegion = en;
			hasScannedForEncodings = 0;
			knownRegions = (
				en,
				Base,
			);
			mainGroup = EFDC2C0628991600009890FC;
			productRefGroup = EFDC2C1028991601009890FC /* Products */;
			projectDirPath = "";
			projectRoot = "";
			targets = (
				EFDC2C0E28991601009890FC /* json decoding */,
			);
		};
/* End PBXProject section */

/* Begin PBXResourcesBuildPhase section */
		EFDC2C0D28991601009890FC /* Resources */ = {
			isa = PBXResourcesBuildPhase;
			buildActionMask = 2147483647;
			files = (
				EFDC2C1F28991603009890FC /* LaunchScreen.storyboard in Resources */,
				EFDC2C1C28991603009890FC /* Assets.xcassets in Resources */,
				EFDC2C1A28991601009890FC /* Main.storyboard in Resources */,
				EFDC2C2728991611009890FC /* medicine.json in Resources */,
			);
			runOnlyForDeploymentPostprocessing = 0;
		};
/* End PBXResourcesBuildPhase section */

/* Begin PBXSourcesBuildPhase section */
		EFDC2C0B28991601009890FC /* Sources */ = {
			isa = PBXSourcesBuildPhase;
			buildActionMask = 2147483647;
			files = (
				EFDC2C1728991601009890FC /* ViewController.swift in Sources */,
				EFDC2C1328991601009890FC /* AppDelegate.swift in Sources */,
				EFDC2C2928991624009890FC /* Decoding medicine.json.swift in Sources */,
				EFDC2C1528991601009890FC /* SceneDelegate.swift in Sources */,
			);
			runOnlyForDeploymentPostprocessing = 0;
		};
/* End PBXSourcesBuildPhase section */

/* Begin PBXVariantGroup section */
		EFDC2C1828991601009890FC /* Main.storyboard */ = {
			isa = PBXVariantGroup;
			children = (
				EFDC2C1928991601009890FC /* Base */,
			);
			name = Main.storyboard;
			sourceTree = "<group>";
		};
		EFDC2C1D28991603009890FC /* LaunchScreen.storyboard */ = {
			isa = PBXVariantGroup;
			children = (
				EFDC2C1E28991603009890FC /* Base */,
			);
			name = LaunchScreen.storyboard;
			sourceTree = "<group>";
		};
/* End PBXVariantGroup section */

/* Begin XCBuildConfiguration section */
		EFDC2C2128991603009890FC /* Debug */ = {
			isa = XCBuildConfiguration;
			buildSettings = {
				ALWAYS_SEARCH_USER_PATHS = NO;
				CLANG_ANALYZER_NONNULL = YES;
				CLANG_ANALYZER_NUMBER_OBJECT_CONVERSION = YES_AGGRESSIVE;
				CLANG_CXX_LANGUAGE_STANDARD = "gnu++17";
				CLANG_ENABLE_MODULES = YES;
				CLANG_ENABLE_OBJC_ARC = YES;
				CLANG_ENABLE_OBJC_WEAK = YES;
				CLANG_WARN_BLOCK_CAPTURE_AUTORELEASING = YES;
				CLANG_WARN_BOOL_CONVERSION = YES;
				CLANG_WARN_COMMA = YES;
				CLANG_WARN_CONSTANT_CONVERSION = YES;
				CLANG_WARN_DEPRECATED_OBJC_IMPLEMENTATIONS = YES;
				CLANG_WARN_DIRECT_OBJC_ISA_USAGE = YES_ERROR;
				CLANG_WARN_DOCUMENTATION_COMMENTS = YES;
				CLANG_WARN_EMPTY_BODY = YES;
				CLANG_WARN_ENUM_CONVERSION = YES;
				CLANG_WARN_INFINITE_RECURSION = YES;
				CLANG_WARN_INT_CONVERSION = YES;
				CLANG_WARN_NON_LITERAL_NULL_CONVERSION = YES;
				CLANG_WARN_OBJC_IMPLICIT_RETAIN_SELF = YES;
				CLANG_WARN_OBJC_LITERAL_CONVERSION = YES;
				CLANG_WARN_OBJC_ROOT_CLASS = YES_ERROR;
				CLANG_WARN_QUOTED_INCLUDE_IN_FRAMEWORK_HEADER = YES;
				CLANG_WARN_RANGE_LOOP_ANALYSIS = YES;
				CLANG_WARN_STRICT_PROTOTYPES = YES;
				CLANG_WARN_SUSPICIOUS_MOVE = YES;
				CLANG_WARN_UNGUARDED_AVAILABILITY = YES_AGGRESSIVE;
				CLANG_WARN_UNREACHABLE_CODE = YES;
				CLANG_WARN__DUPLICATE_METHOD_MATCH = YES;
				COPY_PHASE_STRIP = NO;
				DEBUG_INFORMATION_FORMAT = dwarf;
				ENABLE_STRICT_OBJC_MSGSEND = YES;
				ENABLE_TESTABILITY = YES;
				GCC_C_LANGUAGE_STANDARD = gnu11;
				GCC_DYNAMIC_NO_PIC = NO;
				GCC_NO_COMMON_BLOCKS = YES;
				GCC_OPTIMIZATION_LEVEL = 0;
				GCC_PREPROCESSOR_DEFINITIONS = (
					"DEBUG=1",
					"$(inherited)",
				);
				GCC_WARN_64_TO_32_BIT_CONVERSION = YES;
				GCC_WARN_ABOUT_RETURN_TYPE = YES_ERROR;
				GCC_WARN_UNDECLARED_SELECTOR = YES;
				GCC_WARN_UNINITIALIZED_AUTOS = YES_AGGRESSIVE;
				GCC_WARN_UNUSED_FUNCTION = YES;
				GCC_WARN_UNUSED_VARIABLE = YES;
				IPHONEOS_DEPLOYMENT_TARGET = 15.5;
				MTL_ENABLE_DEBUG_INFO = INCLUDE_SOURCE;
				MTL_FAST_MATH = YES;
				ONLY_ACTIVE_ARCH = YES;
				SDKROOT = iphoneos;
				SWIFT_ACTIVE_COMPILATION_CONDITIONS = DEBUG;
				SWIFT_OPTIMIZATION_LEVEL = "-Onone";
			};
			name = Debug;
		};
		EFDC2C2228991603009890FC /* Release */ = {
			isa = XCBuildConfiguration;
			buildSettings = {
				ALWAYS_SEARCH_USER_PATHS = NO;
				CLANG_ANALYZER_NONNULL = YES;
				CLANG_ANALYZER_NUMBER_OBJECT_CONVERSION = YES_AGGRESSIVE;
				CLANG_CXX_LANGUAGE_STANDARD = "gnu++17";
				CLANG_ENABLE_MODULES = YES;
				CLANG_ENABLE_OBJC_ARC = YES;
				CLANG_ENABLE_OBJC_WEAK = YES;
				CLANG_WARN_BLOCK_CAPTURE_AUTORELEASING = YES;
				CLANG_WARN_BOOL_CONVERSION = YES;
				CLANG_WARN_COMMA = YES;
				CLANG_WARN_CONSTANT_CONVERSION = YES;
				CLANG_WARN_DEPRECATED_OBJC_IMPLEMENTATIONS = YES;
				CLANG_WARN_DIRECT_OBJC_ISA_USAGE = YES_ERROR;
				CLANG_WARN_DOCUMENTATION_COMMENTS = YES;
				CLANG_WARN_EMPTY_BODY = YES;
				CLANG_WARN_ENUM_CONVERSION = YES;
				CLANG_WARN_INFINITE_RECURSION = YES;
				CLANG_WARN_INT_CONVERSION = YES;
				CLANG_WARN_NON_LITERAL_NULL_CONVERSION = YES;
				CLANG_WARN_OBJC_IMPLICIT_RETAIN_SELF = YES;
				CLANG_WARN_OBJC_LITERAL_CONVERSION = YES;
				CLANG_WARN_OBJC_ROOT_CLASS = YES_ERROR;
				CLANG_WARN_QUOTED_INCLUDE_IN_FRAMEWORK_HEADER = YES;
				CLANG_WARN_RANGE_LOOP_ANALYSIS = YES;
				CLANG_WARN_STRICT_PROTOTYPES = YES;
				CLANG_WARN_SUSPICIOUS_MOVE = YES;
				CLANG_WARN_UNGUARDED_AVAILABILITY = YES_AGGRESSIVE;
				CLANG_WARN_UNREACHABLE_CODE = YES;
				CLANG_WARN__DUPLICATE_METHOD_MATCH = YES;
				COPY_PHASE_STRIP = NO;
				DEBUG_INFORMATION_FORMAT = "dwarf-with-dsym";
				ENABLE_NS_ASSERTIONS = NO;
				ENABLE_STRICT_OBJC_MSGSEND = YES;
				GCC_C_LANGUAGE_STANDARD = gnu11;
				GCC_NO_COMMON_BLOCKS = YES;
				GCC_WARN_64_TO_32_BIT_CONVERSION = YES;
				GCC_WARN_ABOUT_RETURN_TYPE = YES_ERROR;
				GCC_WARN_UNDECLARED_SELECTOR = YES;
				GCC_WARN_UNINITIALIZED_AUTOS = YES_AGGRESSIVE;
				GCC_WARN_UNUSED_FUNCTION = YES;
				GCC_WARN_UNUSED_VARIABLE = YES;
				IPHONEOS_DEPLOYMENT_TARGET = 15.5;
				MTL_ENABLE_DEBUG_INFO = NO;
				MTL_FAST_MATH = YES;
				SDKROOT = iphoneos;
				SWIFT_COMPILATION_MODE = wholemodule;
				SWIFT_OPTIMIZATION_LEVEL = "-O";
				VALIDATE_PRODUCT = YES;
			};
			name = Release;
		};
		EFDC2C2428991603009890FC /* Debug */ = {
			isa = XCBuildConfiguration;
			buildSettings = {
				ASSETCATALOG_COMPILER_APPICON_NAME = AppIcon;
				ASSETCATALOG_COMPILER_GLOBAL_ACCENT_COLOR_NAME = AccentColor;
				CODE_SIGN_STYLE = Automatic;
				CURRENT_PROJECT_VERSION = 1;
				DEVELOPMENT_TEAM = A4KG5S93S9;
				GENERATE_INFOPLIST_FILE = YES;
				INFOPLIST_FILE = "json decoding/Info.plist";
				INFOPLIST_KEY_UIApplicationSupportsIndirectInputEvents = YES;
				INFOPLIST_KEY_UILaunchStoryboardName = LaunchScreen;
				INFOPLIST_KEY_UIMainStoryboardFile = Main;
				INFOPLIST_KEY_UISupportedInterfaceOrientations_iPad = "UIInterfaceOrientationPortrait UIInterfaceOrientationPortraitUpsideDown UIInterfaceOrientationLandscapeLeft UIInterfaceOrientationLandscapeRight";
				INFOPLIST_KEY_UISupportedInterfaceOrientations_iPhone = "UIInterfaceOrientationPortrait UIInterfaceOrientationLandscapeLeft UIInterfaceOrientationLandscapeRight";
				LD_RUNPATH_SEARCH_PATHS = (
					"$(inherited)",
					"@executable_path/Frameworks",
				);
				MARKETING_VERSION = 1.0;
				PRODUCT_BUNDLE_IDENTIFIER = "tms.json-decoding";
				PRODUCT_NAME = "$(TARGET_NAME)";
				SWIFT_EMIT_LOC_STRINGS = YES;
				SWIFT_VERSION = 5.0;
				TARGETED_DEVICE_FAMILY = "1,2";
			};
			name = Debug;
		};
		EFDC2C2528991603009890FC /* Release */ = {
			isa = XCBuildConfiguration;
			buildSettings = {
				ASSETCATALOG_COMPILER_APPICON_NAME = AppIcon;
				ASSETCATALOG_COMPILER_GLOBAL_ACCENT_COLOR_NAME = AccentColor;
				CODE_SIGN_STYLE = Automatic;
				CURRENT_PROJECT_VERSION = 1;
				DEVELOPMENT_TEAM = A4KG5S93S9;
				GENERATE_INFOPLIST_FILE = YES;
				INFOPLIST_FILE = "json decoding/Info.plist";
				INFOPLIST_KEY_UIApplicationSupportsIndirectInputEvents = YES;
				INFOPLIST_KEY_UILaunchStoryboardName = LaunchScreen;
				INFOPLIST_KEY_UIMainStoryboardFile = Main;
				INFOPLIST_KEY_UISupportedInterfaceOrientations_iPad = "UIInterfaceOrientationPortrait UIInterfaceOrientationPortraitUpsideDown UIInterfaceOrientationLandscapeLeft UIInterfaceOrientationLandscapeRight";
				INFOPLIST_KEY_UISupportedInterfaceOrientations_iPhone = "UIInterfaceOrientationPortrait UIInterfaceOrientationLandscapeLeft UIInterfaceOrientationLandscapeRight";
				LD_RUNPATH_SEARCH_PATHS = (
					"$(inherited)",
					"@executable_path/Frameworks",
				);
				MARKETING_VERSION = 1.0;
				PRODUCT_BUNDLE_IDENTIFIER = "tms.json-decoding";
				PRODUCT_NAME = "$(TARGET_NAME)";
				SWIFT_EMIT_LOC_STRINGS = YES;
				SWIFT_VERSION = 5.0;
				TARGETED_DEVICE_FAMILY = "1,2";
			};
			name = Release;
		};
/* End XCBuildConfiguration section */

/* Begin XCConfigurationList section */
		EFDC2C0A28991600009890FC /* Build configuration list for PBXProject "json decoding" */ = {
			isa = XCConfigurationList;
			buildConfigurations = (
				EFDC2C2128991603009890FC /* Debug */,
				EFDC2C2228991603009890FC /* Release */,
			);
			defaultConfigurationIsVisible = 0;
			defaultConfigurationName = Release;
		};
		EFDC2C2328991603009890FC /* Build configuration list for PBXNativeTarget "json decoding" */ = {
			isa = XCConfigurationList;
			buildConfigurations = (
				EFDC2C2428991603009890FC /* Debug */,
				EFDC2C2528991603009890FC /* Release */,
			);
			defaultConfigurationIsVisible = 0;
			defaultConfigurationName = Release;
		};
/* End XCConfigurationList section */
	};
	rootObject = EFDC2C0728991600009890FC /* Project object */;
}
