// !$*UTF8*$!
{
	archiveVersion = 1;
	classes = {
	};
	objectVersion = 55;
	objects = {

/* Begin PBXBuildFile section */
		FAF188E828808B8D00BCB3FA /* AppDelegate.swift in Sources */ = {isa = PBXBuildFile; fileRef = FAF188E728808B8D00BCB3FA /* AppDelegate.swift */; };
		FAF188EA28808B8D00BCB3FA /* SceneDelegate.swift in Sources */ = {isa = PBXBuildFile; fileRef = FAF188E928808B8D00BCB3FA /* SceneDelegate.swift */; };
		FAF188EC28808B8D00BCB3FA /* ViewController.swift in Sources */ = {isa = PBXBuildFile; fileRef = FAF188EB28808B8D00BCB3FA /* ViewController.swift */; };
		FAF188EF28808B8D00BCB3FA /* Main.storyboard in Resources */ = {isa = PBXBuildFile; fileRef = FAF188ED28808B8D00BCB3FA /* Main.storyboard */; };
		FAF188F128808B8F00BCB3FA /* Assets.xcassets in Resources */ = {isa = PBXBuildFile; fileRef = FAF188F028808B8F00BCB3FA /* Assets.xcassets */; };
		FAF188F428808B8F00BCB3FA /* LaunchScreen.storyboard in Resources */ = {isa = PBXBuildFile; fileRef = FAF188F228808B8F00BCB3FA /* LaunchScreen.storyboard */; };
		FAF188FC28808BE800BCB3FA /* EnterPassword.xib in Resources */ = {isa = PBXBuildFile; fileRef = FAF188FB28808BE800BCB3FA /* EnterPassword.xib */; };
		FAF189082880949C00BCB3FA /* ForEnterPassword.swift in Sources */ = {isa = PBXBuildFile; fileRef = FAF189072880949C00BCB3FA /* ForEnterPassword.swift */; };
		FAF1890A2880993B00BCB3FA /* PhotosViewController.swift in Sources */ = {isa = PBXBuildFile; fileRef = FAF189092880993B00BCB3FA /* PhotosViewController.swift */; };
/* End PBXBuildFile section */

/* Begin PBXFileReference section */
		FAF188E428808B8D00BCB3FA /* Photo storage.app */ = {isa = PBXFileReference; explicitFileType = wrapper.application; includeInIndex = 0; path = "Photo storage.app"; sourceTree = BUILT_PRODUCTS_DIR; };
		FAF188E728808B8D00BCB3FA /* AppDelegate.swift */ = {isa = PBXFileReference; lastKnownFileType = sourcecode.swift; path = AppDelegate.swift; sourceTree = "<group>"; };
		FAF188E928808B8D00BCB3FA /* SceneDelegate.swift */ = {isa = PBXFileReference; lastKnownFileType = sourcecode.swift; path = SceneDelegate.swift; sourceTree = "<group>"; };
		FAF188EB28808B8D00BCB3FA /* ViewController.swift */ = {isa = PBXFileReference; lastKnownFileType = sourcecode.swift; path = ViewController.swift; sourceTree = "<group>"; };
		FAF188EE28808B8D00BCB3FA /* Base */ = {isa = PBXFileReference; lastKnownFileType = file.storyboard; name = Base; path = Base.lproj/Main.storyboard; sourceTree = "<group>"; };
		FAF188F028808B8F00BCB3FA /* Assets.xcassets */ = {isa = PBXFileReference; lastKnownFileType = folder.assetcatalog; path = Assets.xcassets; sourceTree = "<group>"; };
		FAF188F328808B8F00BCB3FA /* Base */ = {isa = PBXFileReference; lastKnownFileType = file.storyboard; name = Base; path = Base.lproj/LaunchScreen.storyboard; sourceTree = "<group>"; };
		FAF188F528808B8F00BCB3FA /* Info.plist */ = {isa = PBXFileReference; lastKnownFileType = text.plist.xml; path = Info.plist; sourceTree = "<group>"; };
		FAF188FB28808BE800BCB3FA /* EnterPassword.xib */ = {isa = PBXFileReference; lastKnownFileType = file.xib; path = EnterPassword.xib; sourceTree = "<group>"; };
		FAF189072880949C00BCB3FA /* ForEnterPassword.swift */ = {isa = PBXFileReference; lastKnownFileType = sourcecode.swift; path = ForEnterPassword.swift; sourceTree = "<group>"; };
		FAF189092880993B00BCB3FA /* PhotosViewController.swift */ = {isa = PBXFileReference; lastKnownFileType = sourcecode.swift; path = PhotosViewController.swift; sourceTree = "<group>"; };
/* End PBXFileReference section */

/* Begin PBXFrameworksBuildPhase section */
		FAF188E128808B8D00BCB3FA /* Frameworks */ = {
			isa = PBXFrameworksBuildPhase;
			buildActionMask = 2147483647;
			files = (
			);
			runOnlyForDeploymentPostprocessing = 0;
		};
/* End PBXFrameworksBuildPhase section */

/* Begin PBXGroup section */
		FAF188DB28808B8D00BCB3FA = {
			isa = PBXGroup;
			children = (
				FAF188E628808B8D00BCB3FA /* Photo storage */,
				FAF188E528808B8D00BCB3FA /* Products */,
			);
			sourceTree = "<group>";
		};
		FAF188E528808B8D00BCB3FA /* Products */ = {
			isa = PBXGroup;
			children = (
				FAF188E428808B8D00BCB3FA /* Photo storage.app */,
			);
			name = Products;
			sourceTree = "<group>";
		};
		FAF188E628808B8D00BCB3FA /* Photo storage */ = {
			isa = PBXGroup;
			children = (
				FAF188E728808B8D00BCB3FA /* AppDelegate.swift */,
				FAF188E928808B8D00BCB3FA /* SceneDelegate.swift */,
				FAF1890428808E4B00BCB3FA /* CustomView */,
				FAF188EB28808B8D00BCB3FA /* ViewController.swift */,
				FAF189092880993B00BCB3FA /* PhotosViewController.swift */,
				FAF188ED28808B8D00BCB3FA /* Main.storyboard */,
				FAF188F028808B8F00BCB3FA /* Assets.xcassets */,
				FAF188F228808B8F00BCB3FA /* LaunchScreen.storyboard */,
				FAF188F528808B8F00BCB3FA /* Info.plist */,
			);
			path = "Photo storage";
			sourceTree = "<group>";
		};
		FAF1890428808E4B00BCB3FA /* CustomView */ = {
			isa = PBXGroup;
			children = (
				FAF188FB28808BE800BCB3FA /* EnterPassword.xib */,
				FAF189072880949C00BCB3FA /* ForEnterPassword.swift */,
			);
			path = CustomView;
			sourceTree = "<group>";
		};
/* End PBXGroup section */

/* Begin PBXNativeTarget section */
		FAF188E328808B8D00BCB3FA /* Photo storage */ = {
			isa = PBXNativeTarget;
			buildConfigurationList = FAF188F828808B8F00BCB3FA /* Build configuration list for PBXNativeTarget "Photo storage" */;
			buildPhases = (
				FAF188E028808B8D00BCB3FA /* Sources */,
				FAF188E128808B8D00BCB3FA /* Frameworks */,
				FAF188E228808B8D00BCB3FA /* Resources */,
			);
			buildRules = (
			);
			dependencies = (
			);
			name = "Photo storage";
			productName = "Photo storage";
			productReference = FAF188E428808B8D00BCB3FA /* Photo storage.app */;
			productType = "com.apple.product-type.application";
		};
/* End PBXNativeTarget section */

/* Begin PBXProject section */
		FAF188DC28808B8D00BCB3FA /* Project object */ = {
			isa = PBXProject;
			attributes = {
				BuildIndependentTargetsInParallel = 1;
				LastSwiftUpdateCheck = 1340;
				LastUpgradeCheck = 1340;
				TargetAttributes = {
					FAF188E328808B8D00BCB3FA = {
						CreatedOnToolsVersion = 13.4.1;
					};
				};
			};
			buildConfigurationList = FAF188DF28808B8D00BCB3FA /* Build configuration list for PBXProject "Photo storage" */;
			compatibilityVersion = "Xcode 13.0";
			developmentRegion = en;
			hasScannedForEncodings = 0;
			knownRegions = (
				en,
				Base,
			);
			mainGroup = FAF188DB28808B8D00BCB3FA;
			productRefGroup = FAF188E528808B8D00BCB3FA /* Products */;
			projectDirPath = "";
			projectRoot = "";
			targets = (
				FAF188E328808B8D00BCB3FA /* Photo storage */,
			);
		};
/* End PBXProject section */

/* Begin PBXResourcesBuildPhase section */
		FAF188E228808B8D00BCB3FA /* Resources */ = {
			isa = PBXResourcesBuildPhase;
			buildActionMask = 2147483647;
			files = (
				FAF188F428808B8F00BCB3FA /* LaunchScreen.storyboard in Resources */,
				FAF188F128808B8F00BCB3FA /* Assets.xcassets in Resources */,
				FAF188EF28808B8D00BCB3FA /* Main.storyboard in Resources */,
				FAF188FC28808BE800BCB3FA /* EnterPassword.xib in Resources */,
			);
			runOnlyForDeploymentPostprocessing = 0;
		};
/* End PBXResourcesBuildPhase section */

/* Begin PBXSourcesBuildPhase section */
		FAF188E028808B8D00BCB3FA /* Sources */ = {
			isa = PBXSourcesBuildPhase;
			buildActionMask = 2147483647;
			files = (
				FAF188EC28808B8D00BCB3FA /* ViewController.swift in Sources */,
				FAF189082880949C00BCB3FA /* ForEnterPassword.swift in Sources */,
				FAF188E828808B8D00BCB3FA /* AppDelegate.swift in Sources */,
				FAF1890A2880993B00BCB3FA /* PhotosViewController.swift in Sources */,
				FAF188EA28808B8D00BCB3FA /* SceneDelegate.swift in Sources */,
			);
			runOnlyForDeploymentPostprocessing = 0;
		};
/* End PBXSourcesBuildPhase section */

/* Begin PBXVariantGroup section */
		FAF188ED28808B8D00BCB3FA /* Main.storyboard */ = {
			isa = PBXVariantGroup;
			children = (
				FAF188EE28808B8D00BCB3FA /* Base */,
			);
			name = Main.storyboard;
			sourceTree = "<group>";
		};
		FAF188F228808B8F00BCB3FA /* LaunchScreen.storyboard */ = {
			isa = PBXVariantGroup;
			children = (
				FAF188F328808B8F00BCB3FA /* Base */,
			);
			name = LaunchScreen.storyboard;
			sourceTree = "<group>";
		};
/* End PBXVariantGroup section */

/* Begin XCBuildConfiguration section */
		FAF188F628808B8F00BCB3FA /* Debug */ = {
			isa = XCBuildConfiguration;
			buildSettings = {
				ALWAYS_SEARCH_USER_PATHS = NO;
				CLANG_ANALYZER_NONNULL = YES;
				CLANG_ANALYZER_NUMBER_OBJECT_CONVERSION = YES_AGGRESSIVE;
				CLANG_CXX_LANGUAGE_STANDARD = "gnu++17";
				CLANG_ENABLE_MODULES = YES;
				CLANG_ENABLE_OBJC_ARC = YES;
				CLANG_ENABLE_OBJC_WEAK = YES;
				CLANG_WARN_BLOCK_CAPTURE_AUTORELEASING = YES;
				CLANG_WARN_BOOL_CONVERSION = YES;
				CLANG_WARN_COMMA = YES;
				CLANG_WARN_CONSTANT_CONVERSION = YES;
				CLANG_WARN_DEPRECATED_OBJC_IMPLEMENTATIONS = YES;
				CLANG_WARN_DIRECT_OBJC_ISA_USAGE = YES_ERROR;
				CLANG_WARN_DOCUMENTATION_COMMENTS = YES;
				CLANG_WARN_EMPTY_BODY = YES;
				CLANG_WARN_ENUM_CONVERSION = YES;
				CLANG_WARN_INFINITE_RECURSION = YES;
				CLANG_WARN_INT_CONVERSION = YES;
				CLANG_WARN_NON_LITERAL_NULL_CONVERSION = YES;
				CLANG_WARN_OBJC_IMPLICIT_RETAIN_SELF = YES;
				CLANG_WARN_OBJC_LITERAL_CONVERSION = YES;
				CLANG_WARN_OBJC_ROOT_CLASS = YES_ERROR;
				CLANG_WARN_QUOTED_INCLUDE_IN_FRAMEWORK_HEADER = YES;
				CLANG_WARN_RANGE_LOOP_ANALYSIS = YES;
				CLANG_WARN_STRICT_PROTOTYPES = YES;
				CLANG_WARN_SUSPICIOUS_MOVE = YES;
				CLANG_WARN_UNGUARDED_AVAILABILITY = YES_AGGRESSIVE;
				CLANG_WARN_UNREACHABLE_CODE = YES;
				CLANG_WARN__DUPLICATE_METHOD_MATCH = YES;
				COPY_PHASE_STRIP = NO;
				DEBUG_INFORMATION_FORMAT = dwarf;
				ENABLE_STRICT_OBJC_MSGSEND = YES;
				ENABLE_TESTABILITY = YES;
				GCC_C_LANGUAGE_STANDARD = gnu11;
				GCC_DYNAMIC_NO_PIC = NO;
				GCC_NO_COMMON_BLOCKS = YES;
				GCC_OPTIMIZATION_LEVEL = 0;
				GCC_PREPROCESSOR_DEFINITIONS = (
					"DEBUG=1",
					"$(inherited)",
				);
				GCC_WARN_64_TO_32_BIT_CONVERSION = YES;
				GCC_WARN_ABOUT_RETURN_TYPE = YES_ERROR;
				GCC_WARN_UNDECLARED_SELECTOR = YES;
				GCC_WARN_UNINITIALIZED_AUTOS = YES_AGGRESSIVE;
				GCC_WARN_UNUSED_FUNCTION = YES;
				GCC_WARN_UNUSED_VARIABLE = YES;
				IPHONEOS_DEPLOYMENT_TARGET = 15.5;
				MTL_ENABLE_DEBUG_INFO = INCLUDE_SOURCE;
				MTL_FAST_MATH = YES;
				ONLY_ACTIVE_ARCH = YES;
				SDKROOT = iphoneos;
				SWIFT_ACTIVE_COMPILATION_CONDITIONS = DEBUG;
				SWIFT_OPTIMIZATION_LEVEL = "-Onone";
			};
			name = Debug;
		};
		FAF188F728808B8F00BCB3FA /* Release */ = {
			isa = XCBuildConfiguration;
			buildSettings = {
				ALWAYS_SEARCH_USER_PATHS = NO;
				CLANG_ANALYZER_NONNULL = YES;
				CLANG_ANALYZER_NUMBER_OBJECT_CONVERSION = YES_AGGRESSIVE;
				CLANG_CXX_LANGUAGE_STANDARD = "gnu++17";
				CLANG_ENABLE_MODULES = YES;
				CLANG_ENABLE_OBJC_ARC = YES;
				CLANG_ENABLE_OBJC_WEAK = YES;
				CLANG_WARN_BLOCK_CAPTURE_AUTORELEASING = YES;
				CLANG_WARN_BOOL_CONVERSION = YES;
				CLANG_WARN_COMMA = YES;
				CLANG_WARN_CONSTANT_CONVERSION = YES;
				CLANG_WARN_DEPRECATED_OBJC_IMPLEMENTATIONS = YES;
				CLANG_WARN_DIRECT_OBJC_ISA_USAGE = YES_ERROR;
				CLANG_WARN_DOCUMENTATION_COMMENTS = YES;
				CLANG_WARN_EMPTY_BODY = YES;
				CLANG_WARN_ENUM_CONVERSION = YES;
				CLANG_WARN_INFINITE_RECURSION = YES;
				CLANG_WARN_INT_CONVERSION = YES;
				CLANG_WARN_NON_LITERAL_NULL_CONVERSION = YES;
				CLANG_WARN_OBJC_IMPLICIT_RETAIN_SELF = YES;
				CLANG_WARN_OBJC_LITERAL_CONVERSION = YES;
				CLANG_WARN_OBJC_ROOT_CLASS = YES_ERROR;
				CLANG_WARN_QUOTED_INCLUDE_IN_FRAMEWORK_HEADER = YES;
				CLANG_WARN_RANGE_LOOP_ANALYSIS = YES;
				CLANG_WARN_STRICT_PROTOTYPES = YES;
				CLANG_WARN_SUSPICIOUS_MOVE = YES;
				CLANG_WARN_UNGUARDED_AVAILABILITY = YES_AGGRESSIVE;
				CLANG_WARN_UNREACHABLE_CODE = YES;
				CLANG_WARN__DUPLICATE_METHOD_MATCH = YES;
				COPY_PHASE_STRIP = NO;
				DEBUG_INFORMATION_FORMAT = "dwarf-with-dsym";
				ENABLE_NS_ASSERTIONS = NO;
				ENABLE_STRICT_OBJC_MSGSEND = YES;
				GCC_C_LANGUAGE_STANDARD = gnu11;
				GCC_NO_COMMON_BLOCKS = YES;
				GCC_WARN_64_TO_32_BIT_CONVERSION = YES;
				GCC_WARN_ABOUT_RETURN_TYPE = YES_ERROR;
				GCC_WARN_UNDECLARED_SELECTOR = YES;
				GCC_WARN_UNINITIALIZED_AUTOS = YES_AGGRESSIVE;
				GCC_WARN_UNUSED_FUNCTION = YES;
				GCC_WARN_UNUSED_VARIABLE = YES;
				IPHONEOS_DEPLOYMENT_TARGET = 15.5;
				MTL_ENABLE_DEBUG_INFO = NO;
				MTL_FAST_MATH = YES;
				SDKROOT = iphoneos;
				SWIFT_COMPILATION_MODE = wholemodule;
				SWIFT_OPTIMIZATION_LEVEL = "-O";
				VALIDATE_PRODUCT = YES;
			};
			name = Release;
		};
		FAF188F928808B8F00BCB3FA /* Debug */ = {
			isa = XCBuildConfiguration;
			buildSettings = {
				ASSETCATALOG_COMPILER_APPICON_NAME = AppIcon;
				ASSETCATALOG_COMPILER_GLOBAL_ACCENT_COLOR_NAME = AccentColor;
				CODE_SIGN_STYLE = Automatic;
				CURRENT_PROJECT_VERSION = 1;
				DEVELOPMENT_TEAM = A4KG5S93S9;
				GENERATE_INFOPLIST_FILE = YES;
				INFOPLIST_FILE = "Photo storage/Info.plist";
				INFOPLIST_KEY_UIApplicationSupportsIndirectInputEvents = YES;
				INFOPLIST_KEY_UILaunchStoryboardName = LaunchScreen;
				INFOPLIST_KEY_UIMainStoryboardFile = Main;
				INFOPLIST_KEY_UISupportedInterfaceOrientations_iPad = "UIInterfaceOrientationPortrait UIInterfaceOrientationPortraitUpsideDown UIInterfaceOrientationLandscapeLeft UIInterfaceOrientationLandscapeRight";
				INFOPLIST_KEY_UISupportedInterfaceOrientations_iPhone = "UIInterfaceOrientationPortrait UIInterfaceOrientationLandscapeLeft UIInterfaceOrientationLandscapeRight";
				LD_RUNPATH_SEARCH_PATHS = (
					"$(inherited)",
					"@executable_path/Frameworks",
				);
				MARKETING_VERSION = 1.0;
				PRODUCT_BUNDLE_IDENTIFIER = "skills.Photo-storage";
				PRODUCT_NAME = "$(TARGET_NAME)";
				SWIFT_EMIT_LOC_STRINGS = YES;
				SWIFT_VERSION = 5.0;
				TARGETED_DEVICE_FAMILY = "1,2";
			};
			name = Debug;
		};
		FAF188FA28808B8F00BCB3FA /* Release */ = {
			isa = XCBuildConfiguration;
			buildSettings = {
				ASSETCATALOG_COMPILER_APPICON_NAME = AppIcon;
				ASSETCATALOG_COMPILER_GLOBAL_ACCENT_COLOR_NAME = AccentColor;
				CODE_SIGN_STYLE = Automatic;
				CURRENT_PROJECT_VERSION = 1;
				DEVELOPMENT_TEAM = A4KG5S93S9;
				GENERATE_INFOPLIST_FILE = YES;
				INFOPLIST_FILE = "Photo storage/Info.plist";
				INFOPLIST_KEY_UIApplicationSupportsIndirectInputEvents = YES;
				INFOPLIST_KEY_UILaunchStoryboardName = LaunchScreen;
				INFOPLIST_KEY_UIMainStoryboardFile = Main;
				INFOPLIST_KEY_UISupportedInterfaceOrientations_iPad = "UIInterfaceOrientationPortrait UIInterfaceOrientationPortraitUpsideDown UIInterfaceOrientationLandscapeLeft UIInterfaceOrientationLandscapeRight";
				INFOPLIST_KEY_UISupportedInterfaceOrientations_iPhone = "UIInterfaceOrientationPortrait UIInterfaceOrientationLandscapeLeft UIInterfaceOrientationLandscapeRight";
				LD_RUNPATH_SEARCH_PATHS = (
					"$(inherited)",
					"@executable_path/Frameworks",
				);
				MARKETING_VERSION = 1.0;
				PRODUCT_BUNDLE_IDENTIFIER = "skills.Photo-storage";
				PRODUCT_NAME = "$(TARGET_NAME)";
				SWIFT_EMIT_LOC_STRINGS = YES;
				SWIFT_VERSION = 5.0;
				TARGETED_DEVICE_FAMILY = "1,2";
			};
			name = Release;
		};
/* End XCBuildConfiguration section */

/* Begin XCConfigurationList section */
		FAF188DF28808B8D00BCB3FA /* Build configuration list for PBXProject "Photo storage" */ = {
			isa = XCConfigurationList;
			buildConfigurations = (
				FAF188F628808B8F00BCB3FA /* Debug */,
				FAF188F728808B8F00BCB3FA /* Release */,
			);
			defaultConfigurationIsVisible = 0;
			defaultConfigurationName = Release;
		};
		FAF188F828808B8F00BCB3FA /* Build configuration list for PBXNativeTarget "Photo storage" */ = {
			isa = XCConfigurationList;
			buildConfigurations = (
				FAF188F928808B8F00BCB3FA /* Debug */,
				FAF188FA28808B8F00BCB3FA /* Release */,
			);
			defaultConfigurationIsVisible = 0;
			defaultConfigurationName = Release;
		};
/* End XCConfigurationList section */
	};
	rootObject = FAF188DC28808B8D00BCB3FA /* Project object */;
}
